
Microsoft Visual Studio Solution File, Format Version 12.00
# Visual Studio Version 17
VisualStudioVersion = 17.9.34407.89
MinimumVisualStudioVersion = 10.0.40219.1
Project("{8BC9CEB8-8B4A-11D0-8D11-00A0C91BC942}") = "IPcalcWin32", "IPcalcWin32\IPcalcWin32.vcxproj", "{AD535C69-C710-4802-B4D6-02CB1F38DD5F}"
EndProject
Project("{FAE04EC0-301F-11D3-BF4B-00C04F79EFBC}") = "IPcalcWinForms", "IPcalcWinForms\IPcalcWinForms.csproj", "{03B6FB55-BB5F-4D7A-982F-135B85331603}"
EndProject
Global
	GlobalSection(SolutionConfigurationPlatforms) = preSolution
		Debug|Any CPU = Debug|Any CPU
		Debug|x64 = Debug|x64
		Debug|x86 = Debug|x86
		Release|Any CPU = Release|Any CPU
		Release|x64 = Release|x64
		Release|x86 = Release|x86
	EndGlobalSection
	GlobalSection(ProjectConfigurationPlatforms) = postSolution
		{AD535C69-C710-4802-B4D6-02CB1F38DD5F}.Debug|Any CPU.ActiveCfg = Debug|x64
		{AD535C69-C710-4802-B4D6-02CB1F38DD5F}.Debug|Any CPU.Build.0 = Debug|x64
		{AD535C69-C710-4802-B4D6-02CB1F38DD5F}.Debug|x64.ActiveCfg = Debug|x64
		{AD535C69-C710-4802-B4D6-02CB1F38DD5F}.Debug|x64.Build.0 = Debug|x64
		{AD535C69-C710-4802-B4D6-02CB1F38DD5F}.Debug|x86.ActiveCfg = Debug|Win32
		{AD535C69-C710-4802-B4D6-02CB1F38DD5F}.Debug|x86.Build.0 = Debug|Win32
		{AD535C69-C710-4802-B4D6-02CB1F38DD5F}.Release|Any CPU.ActiveCfg = Release|x64
		{AD535C69-C710-4802-B4D6-02CB1F38DD5F}.Release|Any CPU.Build.0 = Release|x64
		{AD535C69-C710-4802-B4D6-02CB1F38DD5F}.Release|x64.ActiveCfg = Release|x64
		{AD535C69-C710-4802-B4D6-02CB1F38DD5F}.Release|x64.Build.0 = Release|x64
		{AD535C69-C710-4802-B4D6-02CB1F38DD5F}.Release|x86.ActiveCfg = Release|Win32
		{AD535C69-C710-4802-B4D6-02CB1F38DD5F}.Release|x86.Build.0 = Release|Win32
		{03B6FB55-BB5F-4D7A-982F-135B85331603}.Debug|Any CPU.ActiveCfg = Debug|Any CPU
		{03B6FB55-BB5F-4D7A-982F-135B85331603}.Debug|Any CPU.Build.0 = Debug|Any CPU
		{03B6FB55-BB5F-4D7A-982F-135B85331603}.Debug|x64.ActiveCfg = Debug|Any CPU
		{03B6FB55-BB5F-4D7A-982F-135B85331603}.Debug|x64.Build.0 = Debug|Any CPU
		{03B6FB55-BB5F-4D7A-982F-135B85331603}.Debug|x86.ActiveCfg = Debug|Any CPU
		{03B6FB55-BB5F-4D7A-982F-135B85331603}.Debug|x86.Build.0 = Debug|Any CPU
		{03B6FB55-BB5F-4D7A-982F-135B85331603}.Release|Any CPU.ActiveCfg = Release|Any CPU
		{03B6FB55-BB5F-4D7A-982F-135B85331603}.Release|Any CPU.Build.0 = Release|Any CPU
		{03B6FB55-BB5F-4D7A-982F-135B85331603}.Release|x64.ActiveCfg = Release|Any CPU
		{03B6FB55-BB5F-4D7A-982F-135B85331603}.Release|x64.Build.0 = Release|Any CPU
		{03B6FB55-BB5F-4D7A-982F-135B85331603}.Release|x86.ActiveCfg = Release|Any CPU
		{03B6FB55-BB5F-4D7A-982F-135B85331603}.Release|x86.Build.0 = Release|Any CPU
	EndGlobalSection
	GlobalSection(SolutionProperties) = preSolution
		HideSolutionNode = FALSE
	EndGlobalSection
	GlobalSection(ExtensibilityGlobals) = postSolution
		SolutionGuid = {6C9E2309-6757-4BED-AAE2-961C2B2E5A6A}
	EndGlobalSection
EndGlobal
